
Microsoft Visual Studio Solution File, Format Version 12.00
# Visual Studio Version 16
VisualStudioVersion = 16.0.30611.23
MinimumVisualStudioVersion = 10.0.40219.1
Project("{9A19103F-16F7-4668-BE54-9A1E7A4F7556}") = "OpenJeopardyApi", "OpenJeopardyApi\OpenJeopardyApi.csproj", "{C91D8918-0AC1-42D3-936F-23CE6D8D5BCD}"
EndProject
Project("{9A19103F-16F7-4668-BE54-9A1E7A4F7556}") = "OpenJeopardy.Core", "OpenJeopardy.Core\OpenJeopardy.Core.csproj", "{B6C2AE9B-172D-4EC8-AF4B-5C15C002F271}"
EndProject
Project("{9A19103F-16F7-4668-BE54-9A1E7A4F7556}") = "OpenJeopardy.Test", "OpenJeopardy.Test\OpenJeopardy.Test.csproj", "{8C737E95-8B33-44E4-A001-BF93275A066B}"
EndProject
Project("{9A19103F-16F7-4668-BE54-9A1E7A4F7556}") = "OpenJeopardy.Infrastructure", "OpenJeopardy.Infrastructure\OpenJeopardy.Infrastructure.csproj", "{36877243-D73B-462E-B69E-D0BEBC77B107}"
EndProject
Global
	GlobalSection(SolutionConfigurationPlatforms) = preSolution
		Debug|Any CPU = Debug|Any CPU
		Release|Any CPU = Release|Any CPU
	EndGlobalSection
	GlobalSection(ProjectConfigurationPlatforms) = postSolution
		{C91D8918-0AC1-42D3-936F-23CE6D8D5BCD}.Debug|Any CPU.ActiveCfg = Debug|Any CPU
		{C91D8918-0AC1-42D3-936F-23CE6D8D5BCD}.Debug|Any CPU.Build.0 = Debug|Any CPU
		{C91D8918-0AC1-42D3-936F-23CE6D8D5BCD}.Release|Any CPU.ActiveCfg = Release|Any CPU
		{C91D8918-0AC1-42D3-936F-23CE6D8D5BCD}.Release|Any CPU.Build.0 = Release|Any CPU
		{B6C2AE9B-172D-4EC8-AF4B-5C15C002F271}.Debug|Any CPU.ActiveCfg = Debug|Any CPU
		{B6C2AE9B-172D-4EC8-AF4B-5C15C002F271}.Debug|Any CPU.Build.0 = Debug|Any CPU
		{B6C2AE9B-172D-4EC8-AF4B-5C15C002F271}.Release|Any CPU.ActiveCfg = Release|Any CPU
		{B6C2AE9B-172D-4EC8-AF4B-5C15C002F271}.Release|Any CPU.Build.0 = Release|Any CPU
		{8C737E95-8B33-44E4-A001-BF93275A066B}.Debug|Any CPU.ActiveCfg = Debug|Any CPU
		{8C737E95-8B33-44E4-A001-BF93275A066B}.Debug|Any CPU.Build.0 = Debug|Any CPU
		{8C737E95-8B33-44E4-A001-BF93275A066B}.Release|Any CPU.ActiveCfg = Release|Any CPU
		{8C737E95-8B33-44E4-A001-BF93275A066B}.Release|Any CPU.Build.0 = Release|Any CPU
		{36877243-D73B-462E-B69E-D0BEBC77B107}.Debug|Any CPU.ActiveCfg = Debug|Any CPU
		{36877243-D73B-462E-B69E-D0BEBC77B107}.Debug|Any CPU.Build.0 = Debug|Any CPU
		{36877243-D73B-462E-B69E-D0BEBC77B107}.Release|Any CPU.ActiveCfg = Release|Any CPU
		{36877243-D73B-462E-B69E-D0BEBC77B107}.Release|Any CPU.Build.0 = Release|Any CPU
	EndGlobalSection
	GlobalSection(SolutionProperties) = preSolution
		HideSolutionNode = FALSE
	EndGlobalSection
	GlobalSection(ExtensibilityGlobals) = postSolution
		SolutionGuid = {A13063EA-8C5F-4734-9933-01682AB84899}
	EndGlobalSection
EndGlobal
